// !$*UTF8*$!
{
	archiveVersion = 1;
	classes = {
	};
	objectVersion = 50;
	objects = {

/* Begin PBXBuildFile section */
		1210FC16258089420088037E /* main.c in Sources */ = {isa = PBXBuildFile; fileRef = 1210FC15258089420088037E /* main.c */; };
/* End PBXBuildFile section */

/* Begin PBXCopyFilesBuildPhase section */
		1210FC10258089420088037E /* CopyFiles */ = {
			isa = PBXCopyFilesBuildPhase;
			buildActionMask = 2147483647;
			dstPath = /usr/share/man/man1/;
			dstSubfolderSpec = 0;
			files = (
			);
			runOnlyForDeploymentPostprocessing = 1;
		};
/* End PBXCopyFilesBuildPhase section */

/* Begin PBXFileReference section */
		1210FC12258089420088037E /* Final_Exam */ = {isa = PBXFileReference; explicitFileType = "compiled.mach-o.executable"; includeInIndex = 0; path = Final_Exam; sourceTree = BUILT_PRODUCTS_DIR; };
		1210FC15258089420088037E /* main.c */ = {isa = PBXFileReference; lastKnownFileType = sourcecode.c.c; path = main.c; sourceTree = "<group>"; };
		1210FC22258091EE0088037E /* adj_mat.h */ = {isa = PBXFileReference; lastKnownFileType = sourcecode.c.h; path = adj_mat.h; sourceTree = "<group>"; };
		1210FC24258092270088037E /* adj_list.h */ = {isa = PBXFileReference; lastKnownFileType = sourcecode.c.h; path = adj_list.h; sourceTree = "<group>"; };
		1210FC25258099D60088037E /* dfs.h */ = {isa = PBXFileReference; lastKnownFileType = sourcecode.c.h; path = dfs.h; sourceTree = "<group>"; };
		1210FC2625809E8B0088037E /* queue.h */ = {isa = PBXFileReference; lastKnownFileType = sourcecode.c.h; path = queue.h; sourceTree = "<group>"; };
		1210FC272580A1000088037E /* bfs.h */ = {isa = PBXFileReference; lastKnownFileType = sourcecode.c.h; path = bfs.h; sourceTree = "<group>"; };
		1210FC282580AC2E0088037E /* kruskal.h */ = {isa = PBXFileReference; lastKnownFileType = sourcecode.c.h; path = kruskal.h; sourceTree = "<group>"; };
		1210FC292580B1FE0088037E /* prim.h */ = {isa = PBXFileReference; lastKnownFileType = sourcecode.c.h; path = prim.h; sourceTree = "<group>"; };
		1210FC2A2581453B0088037E /* dijkstra.h */ = {isa = PBXFileReference; lastKnownFileType = sourcecode.c.h; path = dijkstra.h; sourceTree = "<group>"; };
		1210FC2B2581491F0088037E /* floyd.h */ = {isa = PBXFileReference; lastKnownFileType = sourcecode.c.h; path = floyd.h; sourceTree = "<group>"; };
		1210FC2C25814B2A0088037E /* stack.h */ = {isa = PBXFileReference; lastKnownFileType = sourcecode.c.h; path = stack.h; sourceTree = "<group>"; };
		1210FC2D25814B460088037E /* topo_sort.h */ = {isa = PBXFileReference; lastKnownFileType = sourcecode.c.h; path = topo_sort.h; sourceTree = "<group>"; };
		1210FC2E258150000088037E /* radix_sort.h */ = {isa = PBXFileReference; lastKnownFileType = sourcecode.c.h; path = radix_sort.h; sourceTree = "<group>"; };
		1210FC2F25815DF20088037E /* seq_search.h */ = {isa = PBXFileReference; lastKnownFileType = sourcecode.c.h; path = seq_search.h; sourceTree = "<group>"; };
		1210FC3025815EFA0088037E /* seq_sort2.h */ = {isa = PBXFileReference; lastKnownFileType = sourcecode.c.h; path = seq_sort2.h; sourceTree = "<group>"; };
/* End PBXFileReference section */

/* Begin PBXFrameworksBuildPhase section */
		1210FC0F258089420088037E /* Frameworks */ = {
			isa = PBXFrameworksBuildPhase;
			buildActionMask = 2147483647;
			files = (
			);
			runOnlyForDeploymentPostprocessing = 0;
		};
/* End PBXFrameworksBuildPhase section */

/* Begin PBXGroup section */
		1210FC09258089420088037E = {
			isa = PBXGroup;
			children = (
				1210FC14258089420088037E /* Final_Exam */,
				1210FC13258089420088037E /* Products */,
			);
			sourceTree = "<group>";
		};
		1210FC13258089420088037E /* Products */ = {
			isa = PBXGroup;
			children = (
				1210FC12258089420088037E /* Final_Exam */,
			);
			name = Products;
			sourceTree = "<group>";
		};
		1210FC14258089420088037E /* Final_Exam */ = {
			isa = PBXGroup;
			children = (
				1210FC15258089420088037E /* main.c */,
				1210FC22258091EE0088037E /* adj_mat.h */,
				1210FC24258092270088037E /* adj_list.h */,
				1210FC25258099D60088037E /* dfs.h */,
				1210FC2625809E8B0088037E /* queue.h */,
				1210FC272580A1000088037E /* bfs.h */,
				1210FC282580AC2E0088037E /* kruskal.h */,
				1210FC292580B1FE0088037E /* prim.h */,
				1210FC2A2581453B0088037E /* dijkstra.h */,
				1210FC2B2581491F0088037E /* floyd.h */,
				1210FC2C25814B2A0088037E /* stack.h */,
				1210FC2D25814B460088037E /* topo_sort.h */,
				1210FC2E258150000088037E /* radix_sort.h */,
				1210FC2F25815DF20088037E /* seq_search.h */,
				1210FC3025815EFA0088037E /* seq_sort2.h */,
			);
			path = Final_Exam;
			sourceTree = "<group>";
		};
/* End PBXGroup section */

/* Begin PBXNativeTarget section */
		1210FC11258089420088037E /* Final_Exam */ = {
			isa = PBXNativeTarget;
			buildConfigurationList = 1210FC19258089420088037E /* Build configuration list for PBXNativeTarget "Final_Exam" */;
			buildPhases = (
				1210FC0E258089420088037E /* Sources */,
				1210FC0F258089420088037E /* Frameworks */,
				1210FC10258089420088037E /* CopyFiles */,
			);
			buildRules = (
			);
			dependencies = (
			);
			name = Final_Exam;
			productName = Final_Exam;
			productReference = 1210FC12258089420088037E /* Final_Exam */;
			productType = "com.apple.product-type.tool";
		};
/* End PBXNativeTarget section */

/* Begin PBXProject section */
		1210FC0A258089420088037E /* Project object */ = {
			isa = PBXProject;
			attributes = {
				LastUpgradeCheck = 1220;
				TargetAttributes = {
					1210FC11258089420088037E = {
						CreatedOnToolsVersion = 12.2;
					};
				};
			};
			buildConfigurationList = 1210FC0D258089420088037E /* Build configuration list for PBXProject "Final_Exam" */;
			compatibilityVersion = "Xcode 9.3";
			developmentRegion = en;
			hasScannedForEncodings = 0;
			knownRegions = (
				en,
				Base,
			);
			mainGroup = 1210FC09258089420088037E;
			productRefGroup = 1210FC13258089420088037E /* Products */;
			projectDirPath = "";
			projectRoot = "";
			targets = (
				1210FC11258089420088037E /* Final_Exam */,
			);
		};
/* End PBXProject section */

/* Begin PBXSourcesBuildPhase section */
		1210FC0E258089420088037E /* Sources */ = {
			isa = PBXSourcesBuildPhase;
			buildActionMask = 2147483647;
			files = (
				1210FC16258089420088037E /* main.c in Sources */,
			);
			runOnlyForDeploymentPostprocessing = 0;
		};
/* End PBXSourcesBuildPhase section */

/* Begin XCBuildConfiguration section */
		1210FC17258089420088037E /* Debug */ = {
			isa = XCBuildConfiguration;
			buildSettings = {
				ALWAYS_SEARCH_USER_PATHS = NO;
				CLANG_ANALYZER_NONNULL = YES;
				CLANG_ANALYZER_NUMBER_OBJECT_CONVERSION = YES_AGGRESSIVE;
				CLANG_CXX_LANGUAGE_STANDARD = "gnu++14";
				CLANG_CXX_LIBRARY = "libc++";
				CLANG_ENABLE_MODULES = YES;
				CLANG_ENABLE_OBJC_ARC = YES;
				CLANG_ENABLE_OBJC_WEAK = YES;
				CLANG_WARN_BLOCK_CAPTURE_AUTORELEASING = YES;
				CLANG_WARN_BOOL_CONVERSION = YES;
				CLANG_WARN_COMMA = YES;
				CLANG_WARN_CONSTANT_CONVERSION = YES;
				CLANG_WARN_DEPRECATED_OBJC_IMPLEMENTATIONS = YES;
				CLANG_WARN_DIRECT_OBJC_ISA_USAGE = YES_ERROR;
				CLANG_WARN_DOCUMENTATION_COMMENTS = YES;
				CLANG_WARN_EMPTY_BODY = YES;
				CLANG_WARN_ENUM_CONVERSION = YES;
				CLANG_WARN_INFINITE_RECURSION = YES;
				CLANG_WARN_INT_CONVERSION = YES;
				CLANG_WARN_NON_LITERAL_NULL_CONVERSION = YES;
				CLANG_WARN_OBJC_IMPLICIT_RETAIN_SELF = YES;
				CLANG_WARN_OBJC_LITERAL_CONVERSION = YES;
				CLANG_WARN_OBJC_ROOT_CLASS = YES_ERROR;
				CLANG_WARN_QUOTED_INCLUDE_IN_FRAMEWORK_HEADER = YES;
				CLANG_WARN_RANGE_LOOP_ANALYSIS = YES;
				CLANG_WARN_STRICT_PROTOTYPES = YES;
				CLANG_WARN_SUSPICIOUS_MOVE = YES;
				CLANG_WARN_UNGUARDED_AVAILABILITY = YES_AGGRESSIVE;
				CLANG_WARN_UNREACHABLE_CODE = YES;
				CLANG_WARN__DUPLICATE_METHOD_MATCH = YES;
				COPY_PHASE_STRIP = NO;
				DEBUG_INFORMATION_FORMAT = dwarf;
				ENABLE_STRICT_OBJC_MSGSEND = YES;
				ENABLE_TESTABILITY = YES;
				GCC_C_LANGUAGE_STANDARD = gnu11;
				GCC_DYNAMIC_NO_PIC = NO;
				GCC_NO_COMMON_BLOCKS = YES;
				GCC_OPTIMIZATION_LEVEL = 0;
				GCC_PREPROCESSOR_DEFINITIONS = (
					"DEBUG=1",
					"$(inherited)",
				);
				GCC_WARN_64_TO_32_BIT_CONVERSION = YES;
				GCC_WARN_ABOUT_RETURN_TYPE = YES_ERROR;
				GCC_WARN_UNDECLARED_SELECTOR = YES;
				GCC_WARN_UNINITIALIZED_AUTOS = YES_AGGRESSIVE;
				GCC_WARN_UNUSED_FUNCTION = YES;
				GCC_WARN_UNUSED_VARIABLE = YES;
				MACOSX_DEPLOYMENT_TARGET = 11.0;
				MTL_ENABLE_DEBUG_INFO = INCLUDE_SOURCE;
				MTL_FAST_MATH = YES;
				ONLY_ACTIVE_ARCH = YES;
				SDKROOT = macosx;
			};
			name = Debug;
		};
		1210FC18258089420088037E /* Release */ = {
			isa = XCBuildConfiguration;
			buildSettings = {
				ALWAYS_SEARCH_USER_PATHS = NO;
				CLANG_ANALYZER_NONNULL = YES;
				CLANG_ANALYZER_NUMBER_OBJECT_CONVERSION = YES_AGGRESSIVE;
				CLANG_CXX_LANGUAGE_STANDARD = "gnu++14";
				CLANG_CXX_LIBRARY = "libc++";
				CLANG_ENABLE_MODULES = YES;
				CLANG_ENABLE_OBJC_ARC = YES;
				CLANG_ENABLE_OBJC_WEAK = YES;
				CLANG_WARN_BLOCK_CAPTURE_AUTORELEASING = YES;
				CLANG_WARN_BOOL_CONVERSION = YES;
				CLANG_WARN_COMMA = YES;
				CLANG_WARN_CONSTANT_CONVERSION = YES;
				CLANG_WARN_DEPRECATED_OBJC_IMPLEMENTATIONS = YES;
				CLANG_WARN_DIRECT_OBJC_ISA_USAGE = YES_ERROR;
				CLANG_WARN_DOCUMENTATION_COMMENTS = YES;
				CLANG_WARN_EMPTY_BODY = YES;
				CLANG_WARN_ENUM_CONVERSION = YES;
				CLANG_WARN_INFINITE_RECURSION = YES;
				CLANG_WARN_INT_CONVERSION = YES;
				CLANG_WARN_NON_LITERAL_NULL_CONVERSION = YES;
				CLANG_WARN_OBJC_IMPLICIT_RETAIN_SELF = YES;
				CLANG_WARN_OBJC_LITERAL_CONVERSION = YES;
				CLANG_WARN_OBJC_ROOT_CLASS = YES_ERROR;
				CLANG_WARN_QUOTED_INCLUDE_IN_FRAMEWORK_HEADER = YES;
				CLANG_WARN_RANGE_LOOP_ANALYSIS = YES;
				CLANG_WARN_STRICT_PROTOTYPES = YES;
				CLANG_WARN_SUSPICIOUS_MOVE = YES;
				CLANG_WARN_UNGUARDED_AVAILABILITY = YES_AGGRESSIVE;
				CLANG_WARN_UNREACHABLE_CODE = YES;
				CLANG_WARN__DUPLICATE_METHOD_MATCH = YES;
				COPY_PHASE_STRIP = NO;
				DEBUG_INFORMATION_FORMAT = "dwarf-with-dsym";
				ENABLE_NS_ASSERTIONS = NO;
				ENABLE_STRICT_OBJC_MSGSEND = YES;
				GCC_C_LANGUAGE_STANDARD = gnu11;
				GCC_NO_COMMON_BLOCKS = YES;
				GCC_WARN_64_TO_32_BIT_CONVERSION = YES;
				GCC_WARN_ABOUT_RETURN_TYPE = YES_ERROR;
				GCC_WARN_UNDECLARED_SELECTOR = YES;
				GCC_WARN_UNINITIALIZED_AUTOS = YES_AGGRESSIVE;
				GCC_WARN_UNUSED_FUNCTION = YES;
				GCC_WARN_UNUSED_VARIABLE = YES;
				MACOSX_DEPLOYMENT_TARGET = 11.0;
				MTL_ENABLE_DEBUG_INFO = NO;
				MTL_FAST_MATH = YES;
				SDKROOT = macosx;
			};
			name = Release;
		};
		1210FC1A258089420088037E /* Debug */ = {
			isa = XCBuildConfiguration;
			buildSettings = {
				CODE_SIGN_STYLE = Automatic;
				PRODUCT_NAME = "$(TARGET_NAME)";
			};
			name = Debug;
		};
		1210FC1B258089420088037E /* Release */ = {
			isa = XCBuildConfiguration;
			buildSettings = {
				CODE_SIGN_STYLE = Automatic;
				PRODUCT_NAME = "$(TARGET_NAME)";
			};
			name = Release;
		};
/* End XCBuildConfiguration section */

/* Begin XCConfigurationList section */
		1210FC0D258089420088037E /* Build configuration list for PBXProject "Final_Exam" */ = {
			isa = XCConfigurationList;
			buildConfigurations = (
				1210FC17258089420088037E /* Debug */,
				1210FC18258089420088037E /* Release */,
			);
			defaultConfigurationIsVisible = 0;
			defaultConfigurationName = Release;
		};
		1210FC19258089420088037E /* Build configuration list for PBXNativeTarget "Final_Exam" */ = {
			isa = XCConfigurationList;
			buildConfigurations = (
				1210FC1A258089420088037E /* Debug */,
				1210FC1B258089420088037E /* Release */,
			);
			defaultConfigurationIsVisible = 0;
			defaultConfigurationName = Release;
		};
/* End XCConfigurationList section */
	};
	rootObject = 1210FC0A258089420088037E /* Project object */;
}
